{
  "name": "SD415",
  "lockfileVersion": 3,
  "requires": true,
  "packages": {
    "": {
      "devDependencies": {
        "@types/mocha": "^10.0.4"
      }
    },
    "node_modules/@types/mocha": {
      "version": "10.0.4",
      "resolved": "https://registry.npmjs.org/@types/mocha/-/mocha-10.0.4.tgz",
      "integrity": "sha512-xKU7bUjiFTIttpWaIZ9qvgg+22O1nmbA+HRxdlR+u6TWsGfmFdXrheJoK4fFxrHNVIOBDvDNKZG+LYBpMHpX3w==",
      "dev": true
    }
  }
}
